// !$*UTF8*$!
{
	archiveVersion = 1;
	classes = {
	};
	objectVersion = 46;
	objects = {

/* Begin PBXBuildFile section */
		055C45674EC0F4BDDE3FA691 /* libPods-lottery.a in Frameworks */ = {isa = PBXBuildFile; fileRef = ECCBDD370DE98AA169B54407 /* libPods-lottery.a */; };
		5E0262371EE0F5A300E56C6D /* LOListDetailVC.m in Sources */ = {isa = PBXBuildFile; fileRef = 5E0262361EE0F5A300E56C6D /* LOListDetailVC.m */; };
		5E02623A1EE0FAAA00E56C6D /* LOListDetailModel.m in Sources */ = {isa = PBXBuildFile; fileRef = 5E0262391EE0FAAA00E56C6D /* LOListDetailModel.m */; };
		5E02623D1EE1054900E56C6D /* LOListDetailCell.m in Sources */ = {isa = PBXBuildFile; fileRef = 5E02623C1EE1054900E56C6D /* LOListDetailCell.m */; };
		5E286DE71ED27B8100C56219 /* ParentViewController.m in Sources */ = {isa = PBXBuildFile; fileRef = 5E286DE61ED27B8100C56219 /* ParentViewController.m */; };
		5E286DEA1ED27D1000C56219 /* UIButton+touch.m in Sources */ = {isa = PBXBuildFile; fileRef = 5E286DE91ED27D1000C56219 /* UIButton+touch.m */; };
		5E286DEC1ED2822200C56219 /* HomePage.plist in Resources */ = {isa = PBXBuildFile; fileRef = 5E286DEB1ED2822200C56219 /* HomePage.plist */; };
		5E3AF85D1ED2C3DE001000A0 /* AFNHttpTools.m in Sources */ = {isa = PBXBuildFile; fileRef = 5E3AF85C1ED2C3DE001000A0 /* AFNHttpTools.m */; };
		5E3AF8601ED2CFE2001000A0 /* LOHomeItemDetailModel.m in Sources */ = {isa = PBXBuildFile; fileRef = 5E3AF85F1ED2CFE2001000A0 /* LOHomeItemDetailModel.m */; };
		5E3AF8631ED2D745001000A0 /* LOHomeItemDetailVC.m in Sources */ = {isa = PBXBuildFile; fileRef = 5E3AF8621ED2D745001000A0 /* LOHomeItemDetailVC.m */; };
		5E3AF8661ED2E276001000A0 /* LOHomeDetailTopCell.m in Sources */ = {isa = PBXBuildFile; fileRef = 5E3AF8651ED2E276001000A0 /* LOHomeDetailTopCell.m */; };
		5E3F197C1ED928640044079A /* LOPoetryKind.m in Sources */ = {isa = PBXBuildFile; fileRef = 5E3F197B1ED928640044079A /* LOPoetryKind.m */; };
		5E3F197F1ED928830044079A /* LOPoetry.m in Sources */ = {isa = PBXBuildFile; fileRef = 5E3F197E1ED928830044079A /* LOPoetry.m */; };
		5E3F19821ED92AF90044079A /* Poetry.bundle in Resources */ = {isa = PBXBuildFile; fileRef = 5E3F19811ED92AF90044079A /* Poetry.bundle */; };
		5E3F19861ED92B340044079A /* LODBManager.m in Sources */ = {isa = PBXBuildFile; fileRef = 5E3F19851ED92B340044079A /* LODBManager.m */; };
		5E3F19891ED955D20044079A /* LOPoetryListVC.m in Sources */ = {isa = PBXBuildFile; fileRef = 5E3F19881ED955D20044079A /* LOPoetryListVC.m */; };
		5E3F198C1ED9613A0044079A /* LOPoetryDetailVC.m in Sources */ = {isa = PBXBuildFile; fileRef = 5E3F198B1ED9613A0044079A /* LOPoetryDetailVC.m */; };
		5E3F198E1ED97BB30044079A /* LotteryList.plist in Resources */ = {isa = PBXBuildFile; fileRef = 5E3F198D1ED97BB30044079A /* LotteryList.plist */; };
		5E3F19911ED97C670044079A /* LOListModel.m in Sources */ = {isa = PBXBuildFile; fileRef = 5E3F19901ED97C670044079A /* LOListModel.m */; };
		5E4AD7401ED2AD8A00AE5980 /* LOHomeMainModel.m in Sources */ = {isa = PBXBuildFile; fileRef = 5E4AD73F1ED2AD8A00AE5980 /* LOHomeMainModel.m */; };
		5E4AD7431ED2ADB900AE5980 /* LOHomeMainItemView.m in Sources */ = {isa = PBXBuildFile; fileRef = 5E4AD7421ED2ADB900AE5980 /* LOHomeMainItemView.m */; };
		5E76FE601ECED9B3004FDA36 /* main.m in Sources */ = {isa = PBXBuildFile; fileRef = 5E76FE5F1ECED9B3004FDA36 /* main.m */; };
		5E76FE691ECED9B3004FDA36 /* Main.storyboard in Resources */ = {isa = PBXBuildFile; fileRef = 5E76FE671ECED9B3004FDA36 /* Main.storyboard */; };
		5E76FE6B1ECED9B3004FDA36 /* Assets.xcassets in Resources */ = {isa = PBXBuildFile; fileRef = 5E76FE6A1ECED9B3004FDA36 /* Assets.xcassets */; };
		5E76FE6E1ECED9B3004FDA36 /* LaunchScreen.storyboard in Resources */ = {isa = PBXBuildFile; fileRef = 5E76FE6C1ECED9B3004FDA36 /* LaunchScreen.storyboard */; };
		5E76FE791ECEDD77004FDA36 /* LOAppDelegate.m in Sources */ = {isa = PBXBuildFile; fileRef = 5E76FE781ECEDD77004FDA36 /* LOAppDelegate.m */; };
		5E76FE881ECEDF7B004FDA36 /* LOTabBarViewController.m in Sources */ = {isa = PBXBuildFile; fileRef = 5E76FE871ECEDF7B004FDA36 /* LOTabBarViewController.m */; };
		5E76FE931ECEE3DC004FDA36 /* LODiscoverVC.m in Sources */ = {isa = PBXBuildFile; fileRef = 5E76FE921ECEE3DC004FDA36 /* LODiscoverVC.m */; };
		5E76FE961ECEE3F9004FDA36 /* LOMessageVC.m in Sources */ = {isa = PBXBuildFile; fileRef = 5E76FE951ECEE3F9004FDA36 /* LOMessageVC.m */; };
		5E76FE991ECEE411004FDA36 /* LOHomeVC.m in Sources */ = {isa = PBXBuildFile; fileRef = 5E76FE981ECEE411004FDA36 /* LOHomeVC.m */; };
		5E76FE9C1ECEE42B004FDA36 /* LOMeViewController.m in Sources */ = {isa = PBXBuildFile; fileRef = 5E76FE9B1ECEE42B004FDA36 /* LOMeViewController.m */; };
		5E76FE9F1ECEE546004FDA36 /* LOTabBar.m in Sources */ = {isa = PBXBuildFile; fileRef = 5E76FE9E1ECEE546004FDA36 /* LOTabBar.m */; };
		5E76FEA21ECEE70B004FDA36 /* LONavigationController.m in Sources */ = {isa = PBXBuildFile; fileRef = 5E76FEA11ECEE70B004FDA36 /* LONavigationController.m */; };
		5E76FEAA1ECEEE57004FDA36 /* UIImage+LO.m in Sources */ = {isa = PBXBuildFile; fileRef = 5E76FEA91ECEEE57004FDA36 /* UIImage+LO.m */; };
		5E76FEAE1ECEF73D004FDA36 /* LOTabBarButton.m in Sources */ = {isa = PBXBuildFile; fileRef = 5E76FEAD1ECEF73D004FDA36 /* LOTabBarButton.m */; };
		5E82F02E1EE52DC700677D19 /* LOWeChatListModel.m in Sources */ = {isa = PBXBuildFile; fileRef = 5E82F02D1EE52DC700677D19 /* LOWeChatListModel.m */; };
		5E82F0311EE534FC00677D19 /* LOweChatListCell.m in Sources */ = {isa = PBXBuildFile; fileRef = 5E82F0301EE534FC00677D19 /* LOweChatListCell.m */; };
		5E82F0341EE53F4200677D19 /* LOweChatDetailVC.m in Sources */ = {isa = PBXBuildFile; fileRef = 5E82F0331EE53F4200677D19 /* LOweChatDetailVC.m */; };
		5EE5F3E11EE9236E00A36732 /* LOCheckNet.m in Sources */ = {isa = PBXBuildFile; fileRef = 5EE5F3E01EE9236E00A36732 /* LOCheckNet.m */; };
		5EEF44791ED53477009EBD03 /* LOHomeDetailBottomView.m in Sources */ = {isa = PBXBuildFile; fileRef = 5EEF44781ED53477009EBD03 /* LOHomeDetailBottomView.m */; };
		5EEF447C1ED53D56009EBD03 /* LOHomeDetailBottomCell.m in Sources */ = {isa = PBXBuildFile; fileRef = 5EEF447B1ED53D56009EBD03 /* LOHomeDetailBottomCell.m */; };
		5EEF447E1ED566B3009EBD03 /* Images.xcassets in Resources */ = {isa = PBXBuildFile; fileRef = 5EEF447D1ED566B3009EBD03 /* Images.xcassets */; };
		5EEF44811ED57E79009EBD03 /* LOHomeDetailSelectView.m in Sources */ = {isa = PBXBuildFile; fileRef = 5EEF44801ED57E79009EBD03 /* LOHomeDetailSelectView.m */; };
/* End PBXBuildFile section */

/* Begin PBXFileReference section */
		5E0262351EE0F5A300E56C6D /* LOListDetailVC.h */ = {isa = PBXFileReference; fileEncoding = 4; lastKnownFileType = sourcecode.c.h; path = LOListDetailVC.h; sourceTree = "<group>"; };
		5E0262361EE0F5A300E56C6D /* LOListDetailVC.m */ = {isa = PBXFileReference; fileEncoding = 4; lastKnownFileType = sourcecode.c.objc; path = LOListDetailVC.m; sourceTree = "<group>"; };
		5E0262381EE0FAAA00E56C6D /* LOListDetailModel.h */ = {isa = PBXFileReference; fileEncoding = 4; lastKnownFileType = sourcecode.c.h; path = LOListDetailModel.h; sourceTree = "<group>"; };
		5E0262391EE0FAAA00E56C6D /* LOListDetailModel.m */ = {isa = PBXFileReference; fileEncoding = 4; lastKnownFileType = sourcecode.c.objc; path = LOListDetailModel.m; sourceTree = "<group>"; };
		5E02623B1EE1054900E56C6D /* LOListDetailCell.h */ = {isa = PBXFileReference; fileEncoding = 4; lastKnownFileType = sourcecode.c.h; path = LOListDetailCell.h; sourceTree = "<group>"; };
		5E02623C1EE1054900E56C6D /* LOListDetailCell.m */ = {isa = PBXFileReference; fileEncoding = 4; lastKnownFileType = sourcecode.c.objc; path = LOListDetailCell.m; sourceTree = "<group>"; };
		5E286DE51ED27B8100C56219 /* ParentViewController.h */ = {isa = PBXFileReference; fileEncoding = 4; lastKnownFileType = sourcecode.c.h; path = ParentViewController.h; sourceTree = "<group>"; };
		5E286DE61ED27B8100C56219 /* ParentViewController.m */ = {isa = PBXFileReference; fileEncoding = 4; lastKnownFileType = sourcecode.c.objc; path = ParentViewController.m; sourceTree = "<group>"; };
		5E286DE81ED27D1000C56219 /* UIButton+touch.h */ = {isa = PBXFileReference; fileEncoding = 4; lastKnownFileType = sourcecode.c.h; path = "UIButton+touch.h"; sourceTree = "<group>"; };
		5E286DE91ED27D1000C56219 /* UIButton+touch.m */ = {isa = PBXFileReference; fileEncoding = 4; lastKnownFileType = sourcecode.c.objc; path = "UIButton+touch.m"; sourceTree = "<group>"; };
		5E286DEB1ED2822200C56219 /* HomePage.plist */ = {isa = PBXFileReference; fileEncoding = 4; lastKnownFileType = text.plist.xml; path = HomePage.plist; sourceTree = "<group>"; };
		5E3AF85B1ED2C3DE001000A0 /* AFNHttpTools.h */ = {isa = PBXFileReference; fileEncoding = 4; lastKnownFileType = sourcecode.c.h; path = AFNHttpTools.h; sourceTree = "<group>"; };
		5E3AF85C1ED2C3DE001000A0 /* AFNHttpTools.m */ = {isa = PBXFileReference; fileEncoding = 4; lastKnownFileType = sourcecode.c.objc; path = AFNHttpTools.m; sourceTree = "<group>"; };
		5E3AF85E1ED2CFE2001000A0 /* LOHomeItemDetailModel.h */ = {isa = PBXFileReference; fileEncoding = 4; lastKnownFileType = sourcecode.c.h; path = LOHomeItemDetailModel.h; sourceTree = "<group>"; };
		5E3AF85F1ED2CFE2001000A0 /* LOHomeItemDetailModel.m */ = {isa = PBXFileReference; fileEncoding = 4; lastKnownFileType = sourcecode.c.objc; path = LOHomeItemDetailModel.m; sourceTree = "<group>"; };
		5E3AF8611ED2D745001000A0 /* LOHomeItemDetailVC.h */ = {isa = PBXFileReference; fileEncoding = 4; lastKnownFileType = sourcecode.c.h; path = LOHomeItemDetailVC.h; sourceTree = "<group>"; };
		5E3AF8621ED2D745001000A0 /* LOHomeItemDetailVC.m */ = {isa = PBXFileReference; fileEncoding = 4; lastKnownFileType = sourcecode.c.objc; path = LOHomeItemDetailVC.m; sourceTree = "<group>"; };
		5E3AF8641ED2E276001000A0 /* LOHomeDetailTopCell.h */ = {isa = PBXFileReference; fileEncoding = 4; lastKnownFileType = sourcecode.c.h; path = LOHomeDetailTopCell.h; sourceTree = "<group>"; };
		5E3AF8651ED2E276001000A0 /* LOHomeDetailTopCell.m */ = {isa = PBXFileReference; fileEncoding = 4; lastKnownFileType = sourcecode.c.objc; path = LOHomeDetailTopCell.m; sourceTree = "<group>"; };
		5E3F19791ED916060044079A /* lottery.entitlements */ = {isa = PBXFileReference; lastKnownFileType = text.plist.entitlements; path = lottery.entitlements; sourceTree = "<group>"; };
		5E3F197A1ED928640044079A /* LOPoetryKind.h */ = {isa = PBXFileReference; fileEncoding = 4; lastKnownFileType = sourcecode.c.h; path = LOPoetryKind.h; sourceTree = "<group>"; };
		5E3F197B1ED928640044079A /* LOPoetryKind.m */ = {isa = PBXFileReference; fileEncoding = 4; lastKnownFileType = sourcecode.c.objc; path = LOPoetryKind.m; sourceTree = "<group>"; };
		5E3F197D1ED928830044079A /* LOPoetry.h */ = {isa = PBXFileReference; fileEncoding = 4; lastKnownFileType = sourcecode.c.h; path = LOPoetry.h; sourceTree = "<group>"; };
		5E3F197E1ED928830044079A /* LOPoetry.m */ = {isa = PBXFileReference; fileEncoding = 4; lastKnownFileType = sourcecode.c.objc; path = LOPoetry.m; sourceTree = "<group>"; };
		5E3F19811ED92AF90044079A /* Poetry.bundle */ = {isa = PBXFileReference; lastKnownFileType = "wrapper.plug-in"; path = Poetry.bundle; sourceTree = "<group>"; };
		5E3F19841ED92B340044079A /* LODBManager.h */ = {isa = PBXFileReference; fileEncoding = 4; lastKnownFileType = sourcecode.c.h; path = LODBManager.h; sourceTree = "<group>"; };
		5E3F19851ED92B340044079A /* LODBManager.m */ = {isa = PBXFileReference; fileEncoding = 4; lastKnownFileType = sourcecode.c.objc; path = LODBManager.m; sourceTree = "<group>"; };
		5E3F19871ED955D20044079A /* LOPoetryListVC.h */ = {isa = PBXFileReference; fileEncoding = 4; lastKnownFileType = sourcecode.c.h; path = LOPoetryListVC.h; sourceTree = "<group>"; };
		5E3F19881ED955D20044079A /* LOPoetryListVC.m */ = {isa = PBXFileReference; fileEncoding = 4; lastKnownFileType = sourcecode.c.objc; path = LOPoetryListVC.m; sourceTree = "<group>"; };
		5E3F198A1ED9613A0044079A /* LOPoetryDetailVC.h */ = {isa = PBXFileReference; fileEncoding = 4; lastKnownFileType = sourcecode.c.h; path = LOPoetryDetailVC.h; sourceTree = "<group>"; };
		5E3F198B1ED9613A0044079A /* LOPoetryDetailVC.m */ = {isa = PBXFileReference; fileEncoding = 4; lastKnownFileType = sourcecode.c.objc; path = LOPoetryDetailVC.m; sourceTree = "<group>"; };
		5E3F198D1ED97BB30044079A /* LotteryList.plist */ = {isa = PBXFileReference; fileEncoding = 4; lastKnownFileType = text.plist.xml; path = LotteryList.plist; sourceTree = "<group>"; };
		5E3F198F1ED97C670044079A /* LOListModel.h */ = {isa = PBXFileReference; fileEncoding = 4; lastKnownFileType = sourcecode.c.h; path = LOListModel.h; sourceTree = "<group>"; };
		5E3F19901ED97C670044079A /* LOListModel.m */ = {isa = PBXFileReference; fileEncoding = 4; lastKnownFileType = sourcecode.c.objc; path = LOListModel.m; sourceTree = "<group>"; };
		5E4AD73E1ED2AD8A00AE5980 /* LOHomeMainModel.h */ = {isa = PBXFileReference; fileEncoding = 4; lastKnownFileType = sourcecode.c.h; path = LOHomeMainModel.h; sourceTree = "<group>"; };
		5E4AD73F1ED2AD8A00AE5980 /* LOHomeMainModel.m */ = {isa = PBXFileReference; fileEncoding = 4; lastKnownFileType = sourcecode.c.objc; path = LOHomeMainModel.m; sourceTree = "<group>"; };
		5E4AD7411ED2ADB900AE5980 /* LOHomeMainItemView.h */ = {isa = PBXFileReference; fileEncoding = 4; lastKnownFileType = sourcecode.c.h; path = LOHomeMainItemView.h; sourceTree = "<group>"; };
		5E4AD7421ED2ADB900AE5980 /* LOHomeMainItemView.m */ = {isa = PBXFileReference; fileEncoding = 4; lastKnownFileType = sourcecode.c.objc; path = LOHomeMainItemView.m; sourceTree = "<group>"; };
		5E76FE5B1ECED9B3004FDA36 /* lottery.app */ = {isa = PBXFileReference; explicitFileType = wrapper.application; includeInIndex = 0; path = lottery.app; sourceTree = BUILT_PRODUCTS_DIR; };
		5E76FE5F1ECED9B3004FDA36 /* main.m */ = {isa = PBXFileReference; lastKnownFileType = sourcecode.c.objc; name = main.m; path = ../../main.m; sourceTree = "<group>"; };
		5E76FE681ECED9B3004FDA36 /* Base */ = {isa = PBXFileReference; lastKnownFileType = file.storyboard; name = Base; path = Base.lproj/Main.storyboard; sourceTree = "<group>"; };
		5E76FE6A1ECED9B3004FDA36 /* Assets.xcassets */ = {isa = PBXFileReference; lastKnownFileType = folder.assetcatalog; path = Assets.xcassets; sourceTree = "<group>"; };
		5E76FE6D1ECED9B3004FDA36 /* Base */ = {isa = PBXFileReference; lastKnownFileType = file.storyboard; name = Base; path = Base.lproj/LaunchScreen.storyboard; sourceTree = "<group>"; };
		5E76FE6F1ECED9B3004FDA36 /* Info.plist */ = {isa = PBXFileReference; lastKnownFileType = text.plist.xml; path = Info.plist; sourceTree = "<group>"; };
		5E76FE771ECEDD77004FDA36 /* LOAppDelegate.h */ = {isa = PBXFileReference; fileEncoding = 4; lastKnownFileType = sourcecode.c.h; path = LOAppDelegate.h; sourceTree = "<group>"; };
		5E76FE781ECEDD77004FDA36 /* LOAppDelegate.m */ = {isa = PBXFileReference; fileEncoding = 4; lastKnownFileType = sourcecode.c.objc; path = LOAppDelegate.m; sourceTree = "<group>"; };
		5E76FE861ECEDF7B004FDA36 /* LOTabBarViewController.h */ = {isa = PBXFileReference; fileEncoding = 4; lastKnownFileType = sourcecode.c.h; path = LOTabBarViewController.h; sourceTree = "<group>"; };
		5E76FE871ECEDF7B004FDA36 /* LOTabBarViewController.m */ = {isa = PBXFileReference; fileEncoding = 4; lastKnownFileType = sourcecode.c.objc; path = LOTabBarViewController.m; sourceTree = "<group>"; };
		5E76FE911ECEE3DC004FDA36 /* LODiscoverVC.h */ = {isa = PBXFileReference; fileEncoding = 4; lastKnownFileType = sourcecode.c.h; path = LODiscoverVC.h; sourceTree = "<group>"; };
		5E76FE921ECEE3DC004FDA36 /* LODiscoverVC.m */ = {isa = PBXFileReference; fileEncoding = 4; lastKnownFileType = sourcecode.c.objc; path = LODiscoverVC.m; sourceTree = "<group>"; };
		5E76FE941ECEE3F9004FDA36 /* LOMessageVC.h */ = {isa = PBXFileReference; fileEncoding = 4; lastKnownFileType = sourcecode.c.h; path = LOMessageVC.h; sourceTree = "<group>"; };
		5E76FE951ECEE3F9004FDA36 /* LOMessageVC.m */ = {isa = PBXFileReference; fileEncoding = 4; lastKnownFileType = sourcecode.c.objc; path = LOMessageVC.m; sourceTree = "<group>"; };
		5E76FE971ECEE411004FDA36 /* LOHomeVC.h */ = {isa = PBXFileReference; fileEncoding = 4; lastKnownFileType = sourcecode.c.h; path = LOHomeVC.h; sourceTree = "<group>"; };
		5E76FE981ECEE411004FDA36 /* LOHomeVC.m */ = {isa = PBXFileReference; fileEncoding = 4; lastKnownFileType = sourcecode.c.objc; path = LOHomeVC.m; sourceTree = "<group>"; };
		5E76FE9A1ECEE42B004FDA36 /* LOMeViewController.h */ = {isa = PBXFileReference; fileEncoding = 4; lastKnownFileType = sourcecode.c.h; path = LOMeViewController.h; sourceTree = "<group>"; };
		5E76FE9B1ECEE42B004FDA36 /* LOMeViewController.m */ = {isa = PBXFileReference; fileEncoding = 4; lastKnownFileType = sourcecode.c.objc; path = LOMeViewController.m; sourceTree = "<group>"; };
		5E76FE9D1ECEE546004FDA36 /* LOTabBar.h */ = {isa = PBXFileReference; fileEncoding = 4; lastKnownFileType = sourcecode.c.h; path = LOTabBar.h; sourceTree = "<group>"; };
		5E76FE9E1ECEE546004FDA36 /* LOTabBar.m */ = {isa = PBXFileReference; fileEncoding = 4; lastKnownFileType = sourcecode.c.objc; path = LOTabBar.m; sourceTree = "<group>"; };
		5E76FEA01ECEE70B004FDA36 /* LONavigationController.h */ = {isa = PBXFileReference; fileEncoding = 4; lastKnownFileType = sourcecode.c.h; path = LONavigationController.h; sourceTree = "<group>"; };
		5E76FEA11ECEE70B004FDA36 /* LONavigationController.m */ = {isa = PBXFileReference; fileEncoding = 4; lastKnownFileType = sourcecode.c.objc; path = LONavigationController.m; sourceTree = "<group>"; };
		5E76FEA71ECEEC5D004FDA36 /* LOPrefixHeader.pch */ = {isa = PBXFileReference; lastKnownFileType = sourcecode.c.h; path = LOPrefixHeader.pch; sourceTree = "<group>"; };
		5E76FEA81ECEEE57004FDA36 /* UIImage+LO.h */ = {isa = PBXFileReference; fileEncoding = 4; lastKnownFileType = sourcecode.c.h; path = "UIImage+LO.h"; sourceTree = "<group>"; };
		5E76FEA91ECEEE57004FDA36 /* UIImage+LO.m */ = {isa = PBXFileReference; fileEncoding = 4; lastKnownFileType = sourcecode.c.objc; path = "UIImage+LO.m"; sourceTree = "<group>"; };
		5E76FEAB1ECEF267004FDA36 /* lottery.h */ = {isa = PBXFileReference; lastKnownFileType = sourcecode.c.h; path = lottery.h; sourceTree = "<group>"; };
		5E76FEAC1ECEF73D004FDA36 /* LOTabBarButton.h */ = {isa = PBXFileReference; fileEncoding = 4; lastKnownFileType = sourcecode.c.h; path = LOTabBarButton.h; sourceTree = "<group>"; };
		5E76FEAD1ECEF73D004FDA36 /* LOTabBarButton.m */ = {isa = PBXFileReference; fileEncoding = 4; lastKnownFileType = sourcecode.c.objc; path = LOTabBarButton.m; sourceTree = "<group>"; };
		5E82F02C1EE52DC700677D19 /* LOWeChatListModel.h */ = {isa = PBXFileReference; fileEncoding = 4; lastKnownFileType = sourcecode.c.h; path = LOWeChatListModel.h; sourceTree = "<group>"; };
		5E82F02D1EE52DC700677D19 /* LOWeChatListModel.m */ = {isa = PBXFileReference; fileEncoding = 4; lastKnownFileType = sourcecode.c.objc; path = LOWeChatListModel.m; sourceTree = "<group>"; };
		5E82F02F1EE534FC00677D19 /* LOweChatListCell.h */ = {isa = PBXFileReference; fileEncoding = 4; lastKnownFileType = sourcecode.c.h; path = LOweChatListCell.h; sourceTree = "<group>"; };
		5E82F0301EE534FC00677D19 /* LOweChatListCell.m */ = {isa = PBXFileReference; fileEncoding = 4; lastKnownFileType = sourcecode.c.objc; path = LOweChatListCell.m; sourceTree = "<group>"; };
		5E82F0321EE53F4200677D19 /* LOweChatDetailVC.h */ = {isa = PBXFileReference; fileEncoding = 4; lastKnownFileType = sourcecode.c.h; path = LOweChatDetailVC.h; sourceTree = "<group>"; };
		5E82F0331EE53F4200677D19 /* LOweChatDetailVC.m */ = {isa = PBXFileReference; fileEncoding = 4; lastKnownFileType = sourcecode.c.objc; path = LOweChatDetailVC.m; sourceTree = "<group>"; };
		5EE5F3DF1EE9236E00A36732 /* LOCheckNet.h */ = {isa = PBXFileReference; fileEncoding = 4; lastKnownFileType = sourcecode.c.h; path = LOCheckNet.h; sourceTree = "<group>"; };
		5EE5F3E01EE9236E00A36732 /* LOCheckNet.m */ = {isa = PBXFileReference; fileEncoding = 4; lastKnownFileType = sourcecode.c.objc; path = LOCheckNet.m; sourceTree = "<group>"; };
		5EEF44771ED53477009EBD03 /* LOHomeDetailBottomView.h */ = {isa = PBXFileReference; fileEncoding = 4; lastKnownFileType = sourcecode.c.h; path = LOHomeDetailBottomView.h; sourceTree = "<group>"; };
		5EEF44781ED53477009EBD03 /* LOHomeDetailBottomView.m */ = {isa = PBXFileReference; fileEncoding = 4; lastKnownFileType = sourcecode.c.objc; path = LOHomeDetailBottomView.m; sourceTree = "<group>"; };
		5EEF447A1ED53D56009EBD03 /* LOHomeDetailBottomCell.h */ = {isa = PBXFileReference; fileEncoding = 4; lastKnownFileType = sourcecode.c.h; path = LOHomeDetailBottomCell.h; sourceTree = "<group>"; };
		5EEF447B1ED53D56009EBD03 /* LOHomeDetailBottomCell.m */ = {isa = PBXFileReference; fileEncoding = 4; lastKnownFileType = sourcecode.c.objc; path = LOHomeDetailBottomCell.m; sourceTree = "<group>"; };
		5EEF447D1ED566B3009EBD03 /* Images.xcassets */ = {isa = PBXFileReference; lastKnownFileType = folder.assetcatalog; path = Images.xcassets; sourceTree = "<group>"; };
		5EEF447F1ED57E79009EBD03 /* LOHomeDetailSelectView.h */ = {isa = PBXFileReference; fileEncoding = 4; lastKnownFileType = sourcecode.c.h; path = LOHomeDetailSelectView.h; sourceTree = "<group>"; };
		5EEF44801ED57E79009EBD03 /* LOHomeDetailSelectView.m */ = {isa = PBXFileReference; fileEncoding = 4; lastKnownFileType = sourcecode.c.objc; path = LOHomeDetailSelectView.m; sourceTree = "<group>"; };
		9DFF2A441D63AB586DA4691A /* Pods-lottery.debug.xcconfig */ = {isa = PBXFileReference; includeInIndex = 1; lastKnownFileType = text.xcconfig; name = "Pods-lottery.debug.xcconfig"; path = "Pods/Target Support Files/Pods-lottery/Pods-lottery.debug.xcconfig"; sourceTree = "<group>"; };
		BD96FF958511872D7B7E0E4A /* Pods-lottery.release.xcconfig */ = {isa = PBXFileReference; includeInIndex = 1; lastKnownFileType = text.xcconfig; name = "Pods-lottery.release.xcconfig"; path = "Pods/Target Support Files/Pods-lottery/Pods-lottery.release.xcconfig"; sourceTree = "<group>"; };
		ECCBDD370DE98AA169B54407 /* libPods-lottery.a */ = {isa = PBXFileReference; explicitFileType = archive.ar; includeInIndex = 0; path = "libPods-lottery.a"; sourceTree = BUILT_PRODUCTS_DIR; };
/* End PBXFileReference section */

/* Begin PBXFrameworksBuildPhase section */
		5E76FE581ECED9B3004FDA36 /* Frameworks */ = {
			isa = PBXFrameworksBuildPhase;
			buildActionMask = 2147483647;
			files = (
				055C45674EC0F4BDDE3FA691 /* libPods-lottery.a in Frameworks */,
			);
			runOnlyForDeploymentPostprocessing = 0;
		};
/* End PBXFrameworksBuildPhase section */

/* Begin PBXGroup section */
		25A9CEE5C31C743089BDDF04 /* Frameworks */ = {
			isa = PBXGroup;
			children = (
				ECCBDD370DE98AA169B54407 /* libPods-lottery.a */,
			);
			name = Frameworks;
			sourceTree = "<group>";
		};
		5E3AF85A1ED2C3DE001000A0 /* Tools */ = {
			isa = PBXGroup;
			children = (
				5E3AF85B1ED2C3DE001000A0 /* AFNHttpTools.h */,
				5E3AF85C1ED2C3DE001000A0 /* AFNHttpTools.m */,
				5EE5F3DF1EE9236E00A36732 /* LOCheckNet.h */,
				5EE5F3E01EE9236E00A36732 /* LOCheckNet.m */,
			);
			path = Tools;
			sourceTree = "<group>";
		};
		5E3F19801ED92AD40044079A /* Resources */ = {
			isa = PBXGroup;
			children = (
				5E3F19811ED92AF90044079A /* Poetry.bundle */,
			);
			path = Resources;
			sourceTree = "<group>";
		};
		5E3F19831ED92B1B0044079A /* Tools */ = {
			isa = PBXGroup;
			children = (
				5E3F19841ED92B340044079A /* LODBManager.h */,
				5E3F19851ED92B340044079A /* LODBManager.m */,
			);
			path = Tools;
			sourceTree = "<group>";
		};
		5E76FE521ECED9B3004FDA36 = {
			isa = PBXGroup;
			children = (
				5E76FE5D1ECED9B3004FDA36 /* lottery */,
				5E76FE5C1ECED9B3004FDA36 /* Products */,
				730540560BDE1124A8BC003A /* Pods */,
				25A9CEE5C31C743089BDDF04 /* Frameworks */,
			);
			sourceTree = "<group>";
		};
		5E76FE5C1ECED9B3004FDA36 /* Products */ = {
			isa = PBXGroup;
			children = (
				5E76FE5B1ECED9B3004FDA36 /* lottery.app */,
			);
			name = Products;
			sourceTree = "<group>";
		};
		5E76FE5D1ECED9B3004FDA36 /* lottery */ = {
			isa = PBXGroup;
			children = (
				5E3F19791ED916060044079A /* lottery.entitlements */,
				5E76FE751ECEDD4E004FDA36 /* Classes */,
				5E76FE671ECED9B3004FDA36 /* Main.storyboard */,
				5E76FE6A1ECED9B3004FDA36 /* Assets.xcassets */,
				5E76FE6C1ECED9B3004FDA36 /* LaunchScreen.storyboard */,
				5E76FE6F1ECED9B3004FDA36 /* Info.plist */,
				5EEF447D1ED566B3009EBD03 /* Images.xcassets */,
				5E76FE5E1ECED9B3004FDA36 /* Supporting Files */,
			);
			path = lottery;
			sourceTree = "<group>";
		};
		5E76FE5E1ECED9B3004FDA36 /* Supporting Files */ = {
			isa = PBXGroup;
			children = (
			);
			name = "Supporting Files";
			sourceTree = "<group>";
		};
		5E76FE751ECEDD4E004FDA36 /* Classes */ = {
			isa = PBXGroup;
			children = (
				5E76FE891ECEE312004FDA36 /* Discover */,
				5E76FE8D1ECEE312004FDA36 /* Message */,
				5E76FE7A1ECEDEE5004FDA36 /* Home */,
				5E76FE7E1ECEDEE5004FDA36 /* Main */,
				5E76FE821ECEDEE5004FDA36 /* Me */,
				5E76FE761ECEDD4E004FDA36 /* Other */,
				5E3F19801ED92AD40044079A /* Resources */,
			);
			path = Classes;
			sourceTree = "<group>";
		};
		5E76FE761ECEDD4E004FDA36 /* Other */ = {
			isa = PBXGroup;
			children = (
				5E3AF85A1ED2C3DE001000A0 /* Tools */,
				5E76FEA31ECEE8C9004FDA36 /* Category */,
				5E76FE771ECEDD77004FDA36 /* LOAppDelegate.h */,
				5E76FE781ECEDD77004FDA36 /* LOAppDelegate.m */,
				5E76FE5F1ECED9B3004FDA36 /* main.m */,
				5E76FEA71ECEEC5D004FDA36 /* LOPrefixHeader.pch */,
				5E76FEAB1ECEF267004FDA36 /* lottery.h */,
				5E286DEB1ED2822200C56219 /* HomePage.plist */,
				5E3F198D1ED97BB30044079A /* LotteryList.plist */,
			);
			path = Other;
			sourceTree = "<group>";
		};
		5E76FE7A1ECEDEE5004FDA36 /* Home */ = {
			isa = PBXGroup;
			children = (
				5E76FE7B1ECEDEE5004FDA36 /* Controller */,
				5E76FE7C1ECEDEE5004FDA36 /* Model */,
				5E76FE7D1ECEDEE5004FDA36 /* View */,
			);
			path = Home;
			sourceTree = "<group>";
		};
		5E76FE7B1ECEDEE5004FDA36 /* Controller */ = {
			isa = PBXGroup;
			children = (
				5E76FE971ECEE411004FDA36 /* LOHomeVC.h */,
				5E76FE981ECEE411004FDA36 /* LOHomeVC.m */,
				5E3AF8611ED2D745001000A0 /* LOHomeItemDetailVC.h */,
				5E3AF8621ED2D745001000A0 /* LOHomeItemDetailVC.m */,
				5E82F0321EE53F4200677D19 /* LOweChatDetailVC.h */,
				5E82F0331EE53F4200677D19 /* LOweChatDetailVC.m */,
			);
			path = Controller;
			sourceTree = "<group>";
		};
		5E76FE7C1ECEDEE5004FDA36 /* Model */ = {
			isa = PBXGroup;
			children = (
				5E4AD73E1ED2AD8A00AE5980 /* LOHomeMainModel.h */,
				5E4AD73F1ED2AD8A00AE5980 /* LOHomeMainModel.m */,
				5E3AF85E1ED2CFE2001000A0 /* LOHomeItemDetailModel.h */,
				5E3AF85F1ED2CFE2001000A0 /* LOHomeItemDetailModel.m */,
				5E82F02C1EE52DC700677D19 /* LOWeChatListModel.h */,
				5E82F02D1EE52DC700677D19 /* LOWeChatListModel.m */,
			);
			path = Model;
			sourceTree = "<group>";
		};
		5E76FE7D1ECEDEE5004FDA36 /* View */ = {
			isa = PBXGroup;
			children = (
				5E4AD7411ED2ADB900AE5980 /* LOHomeMainItemView.h */,
				5E4AD7421ED2ADB900AE5980 /* LOHomeMainItemView.m */,
				5E3AF8641ED2E276001000A0 /* LOHomeDetailTopCell.h */,
				5E3AF8651ED2E276001000A0 /* LOHomeDetailTopCell.m */,
				5EEF44771ED53477009EBD03 /* LOHomeDetailBottomView.h */,
				5EEF44781ED53477009EBD03 /* LOHomeDetailBottomView.m */,
				5EEF447A1ED53D56009EBD03 /* LOHomeDetailBottomCell.h */,
				5EEF447B1ED53D56009EBD03 /* LOHomeDetailBottomCell.m */,
				5EEF447F1ED57E79009EBD03 /* LOHomeDetailSelectView.h */,
				5EEF44801ED57E79009EBD03 /* LOHomeDetailSelectView.m */,
				5E82F02F1EE534FC00677D19 /* LOweChatListCell.h */,
				5E82F0301EE534FC00677D19 /* LOweChatListCell.m */,
			);
			path = View;
			sourceTree = "<group>";
		};
		5E76FE7E1ECEDEE5004FDA36 /* Main */ = {
			isa = PBXGroup;
			children = (
				5E76FE7F1ECEDEE5004FDA36 /* Controller */,
				5E76FE801ECEDEE5004FDA36 /* Model */,
				5E76FE811ECEDEE5004FDA36 /* View */,
			);
			path = Main;
			sourceTree = "<group>";
		};
		5E76FE7F1ECEDEE5004FDA36 /* Controller */ = {
			isa = PBXGroup;
			children = (
				5E286DE51ED27B8100C56219 /* ParentViewController.h */,
				5E286DE61ED27B8100C56219 /* ParentViewController.m */,
				5E76FE861ECEDF7B004FDA36 /* LOTabBarViewController.h */,
				5E76FE871ECEDF7B004FDA36 /* LOTabBarViewController.m */,
				5E76FEA01ECEE70B004FDA36 /* LONavigationController.h */,
				5E76FEA11ECEE70B004FDA36 /* LONavigationController.m */,
			);
			path = Controller;
			sourceTree = "<group>";
		};
		5E76FE801ECEDEE5004FDA36 /* Model */ = {
			isa = PBXGroup;
			children = (
			);
			path = Model;
			sourceTree = "<group>";
		};
		5E76FE811ECEDEE5004FDA36 /* View */ = {
			isa = PBXGroup;
			children = (
				5E76FE9D1ECEE546004FDA36 /* LOTabBar.h */,
				5E76FE9E1ECEE546004FDA36 /* LOTabBar.m */,
				5E76FEAC1ECEF73D004FDA36 /* LOTabBarButton.h */,
				5E76FEAD1ECEF73D004FDA36 /* LOTabBarButton.m */,
			);
			path = View;
			sourceTree = "<group>";
		};
		5E76FE821ECEDEE5004FDA36 /* Me */ = {
			isa = PBXGroup;
			children = (
				5E76FE831ECEDEE5004FDA36 /* Controller */,
				5E76FE841ECEDEE5004FDA36 /* Model */,
				5E76FE851ECEDEE5004FDA36 /* View */,
			);
			path = Me;
			sourceTree = "<group>";
		};
		5E76FE831ECEDEE5004FDA36 /* Controller */ = {
			isa = PBXGroup;
			children = (
				5E76FE9A1ECEE42B004FDA36 /* LOMeViewController.h */,
				5E76FE9B1ECEE42B004FDA36 /* LOMeViewController.m */,
			);
			path = Controller;
			sourceTree = "<group>";
		};
		5E76FE841ECEDEE5004FDA36 /* Model */ = {
			isa = PBXGroup;
			children = (
			);
			path = Model;
			sourceTree = "<group>";
		};
		5E76FE851ECEDEE5004FDA36 /* View */ = {
			isa = PBXGroup;
			children = (
			);
			path = View;
			sourceTree = "<group>";
		};
		5E76FE891ECEE312004FDA36 /* Discover */ = {
			isa = PBXGroup;
			children = (
				5E3F19831ED92B1B0044079A /* Tools */,
				5E76FE8A1ECEE312004FDA36 /* Controller */,
				5E76FE8B1ECEE312004FDA36 /* Model */,
				5E76FE8C1ECEE312004FDA36 /* View */,
			);
			path = Discover;
			sourceTree = "<group>";
		};
		5E76FE8A1ECEE312004FDA36 /* Controller */ = {
			isa = PBXGroup;
			children = (
				5E76FE911ECEE3DC004FDA36 /* LODiscoverVC.h */,
				5E76FE921ECEE3DC004FDA36 /* LODiscoverVC.m */,
				5E3F19871ED955D20044079A /* LOPoetryListVC.h */,
				5E3F19881ED955D20044079A /* LOPoetryListVC.m */,
				5E3F198A1ED9613A0044079A /* LOPoetryDetailVC.h */,
				5E3F198B1ED9613A0044079A /* LOPoetryDetailVC.m */,
			);
			path = Controller;
			sourceTree = "<group>";
		};
		5E76FE8B1ECEE312004FDA36 /* Model */ = {
			isa = PBXGroup;
			children = (
				5E3F197A1ED928640044079A /* LOPoetryKind.h */,
				5E3F197B1ED928640044079A /* LOPoetryKind.m */,
				5E3F197D1ED928830044079A /* LOPoetry.h */,
				5E3F197E1ED928830044079A /* LOPoetry.m */,
			);
			path = Model;
			sourceTree = "<group>";
		};
		5E76FE8C1ECEE312004FDA36 /* View */ = {
			isa = PBXGroup;
			children = (
			);
			path = View;
			sourceTree = "<group>";
		};
		5E76FE8D1ECEE312004FDA36 /* Message */ = {
			isa = PBXGroup;
			children = (
				5E76FE8E1ECEE312004FDA36 /* Controller */,
				5E76FE8F1ECEE312004FDA36 /* Model */,
				5E76FE901ECEE312004FDA36 /* View */,
			);
			path = Message;
			sourceTree = "<group>";
		};
		5E76FE8E1ECEE312004FDA36 /* Controller */ = {
			isa = PBXGroup;
			children = (
				5E76FE941ECEE3F9004FDA36 /* LOMessageVC.h */,
				5E76FE951ECEE3F9004FDA36 /* LOMessageVC.m */,
				5E0262351EE0F5A300E56C6D /* LOListDetailVC.h */,
				5E0262361EE0F5A300E56C6D /* LOListDetailVC.m */,
			);
			path = Controller;
			sourceTree = "<group>";
		};
		5E76FE8F1ECEE312004FDA36 /* Model */ = {
			isa = PBXGroup;
			children = (
				5E3F198F1ED97C670044079A /* LOListModel.h */,
				5E3F19901ED97C670044079A /* LOListModel.m */,
				5E0262381EE0FAAA00E56C6D /* LOListDetailModel.h */,
				5E0262391EE0FAAA00E56C6D /* LOListDetailModel.m */,
			);
			path = Model;
			sourceTree = "<group>";
		};
		5E76FE901ECEE312004FDA36 /* View */ = {
			isa = PBXGroup;
			children = (
				5E02623B1EE1054900E56C6D /* LOListDetailCell.h */,
				5E02623C1EE1054900E56C6D /* LOListDetailCell.m */,
			);
			path = View;
			sourceTree = "<group>";
		};
		5E76FEA31ECEE8C9004FDA36 /* Category */ = {
			isa = PBXGroup;
			children = (
				5E286DE81ED27D1000C56219 /* UIButton+touch.h */,
				5E286DE91ED27D1000C56219 /* UIButton+touch.m */,
				5E76FEA81ECEEE57004FDA36 /* UIImage+LO.h */,
				5E76FEA91ECEEE57004FDA36 /* UIImage+LO.m */,
			);
			path = Category;
			sourceTree = "<group>";
		};
		730540560BDE1124A8BC003A /* Pods */ = {
			isa = PBXGroup;
			children = (
				9DFF2A441D63AB586DA4691A /* Pods-lottery.debug.xcconfig */,
				BD96FF958511872D7B7E0E4A /* Pods-lottery.release.xcconfig */,
			);
			name = Pods;
			sourceTree = "<group>";
		};
/* End PBXGroup section */

/* Begin PBXNativeTarget section */
		5E76FE5A1ECED9B3004FDA36 /* lottery */ = {
			isa = PBXNativeTarget;
			buildConfigurationList = 5E76FE721ECED9B3004FDA36 /* Build configuration list for PBXNativeTarget "lottery" */;
			buildPhases = (
				5481DC57087F29273437C6C0 /* [CP] Check Pods Manifest.lock */,
				5E76FE571ECED9B3004FDA36 /* Sources */,
				5E76FE581ECED9B3004FDA36 /* Frameworks */,
				5E76FE591ECED9B3004FDA36 /* Resources */,
				89EB6092372B35BE1C1EEA03 /* [CP] Embed Pods Frameworks */,
				0EAADE7754A50C0CC09C168F /* [CP] Copy Pods Resources */,
			);
			buildRules = (
			);
			dependencies = (
			);
			name = lottery;
			productName = lottery;
			productReference = 5E76FE5B1ECED9B3004FDA36 /* lottery.app */;
			productType = "com.apple.product-type.application";
		};
/* End PBXNativeTarget section */

/* Begin PBXProject section */
		5E76FE531ECED9B3004FDA36 /* Project object */ = {
			isa = PBXProject;
			attributes = {
				CLASSPREFIX = LO;
				LastUpgradeCheck = 0830;
				ORGANIZATIONNAME = "杨湍";
				TargetAttributes = {
					5E76FE5A1ECED9B3004FDA36 = {
						CreatedOnToolsVersion = 8.3.1;
						DevelopmentTeam = W56C3UP3TQ;
						ProvisioningStyle = Automatic;
						SystemCapabilities = {
							com.apple.Push = {
								enabled = 1;
							};
						};
					};
				};
			};
			buildConfigurationList = 5E76FE561ECED9B3004FDA36 /* Build configuration list for PBXProject "lottery" */;
			compatibilityVersion = "Xcode 3.2";
			developmentRegion = English;
			hasScannedForEncodings = 0;
			knownRegions = (
				en,
				Base,
			);
			mainGroup = 5E76FE521ECED9B3004FDA36;
			productRefGroup = 5E76FE5C1ECED9B3004FDA36 /* Products */;
			projectDirPath = "";
			projectRoot = "";
			targets = (
				5E76FE5A1ECED9B3004FDA36 /* lottery */,
			);
		};
/* End PBXProject section */

/* Begin PBXResourcesBuildPhase section */
		5E76FE591ECED9B3004FDA36 /* Resources */ = {
			isa = PBXResourcesBuildPhase;
			buildActionMask = 2147483647;
			files = (
				5E3F198E1ED97BB30044079A /* LotteryList.plist in Resources */,
				5E3F19821ED92AF90044079A /* Poetry.bundle in Resources */,
				5E76FE6E1ECED9B3004FDA36 /* LaunchScreen.storyboard in Resources */,
				5EEF447E1ED566B3009EBD03 /* Images.xcassets in Resources */,
				5E76FE6B1ECED9B3004FDA36 /* Assets.xcassets in Resources */,
				5E286DEC1ED2822200C56219 /* HomePage.plist in Resources */,
				5E76FE691ECED9B3004FDA36 /* Main.storyboard in Resources */,
			);
			runOnlyForDeploymentPostprocessing = 0;
		};
/* End PBXResourcesBuildPhase section */

/* Begin PBXShellScriptBuildPhase section */
		0EAADE7754A50C0CC09C168F /* [CP] Copy Pods Resources */ = {
			isa = PBXShellScriptBuildPhase;
			buildActionMask = 2147483647;
			files = (
			);
			inputPaths = (
			);
			name = "[CP] Copy Pods Resources";
			outputPaths = (
			);
			runOnlyForDeploymentPostprocessing = 0;
			shellPath = /bin/sh;
			shellScript = "\"${SRCROOT}/Pods/Target Support Files/Pods-lottery/Pods-lottery-resources.sh\"\n";
			showEnvVarsInLog = 0;
		};
		5481DC57087F29273437C6C0 /* [CP] Check Pods Manifest.lock */ = {
			isa = PBXShellScriptBuildPhase;
			buildActionMask = 2147483647;
			files = (
			);
			inputPaths = (
			);
			name = "[CP] Check Pods Manifest.lock";
			outputPaths = (
			);
			runOnlyForDeploymentPostprocessing = 0;
			shellPath = /bin/sh;
			shellScript = "diff \"${PODS_PODFILE_DIR_PATH}/Podfile.lock\" \"${PODS_ROOT}/Manifest.lock\" > /dev/null\nif [ $? != 0 ] ; then\n    # print error to STDERR\n    echo \"error: The sandbox is not in sync with the Podfile.lock. Run 'pod install' or update your CocoaPods installation.\" >&2\n    exit 1\nfi\n";
			showEnvVarsInLog = 0;
		};
		89EB6092372B35BE1C1EEA03 /* [CP] Embed Pods Frameworks */ = {
			isa = PBXShellScriptBuildPhase;
			buildActionMask = 2147483647;
			files = (
			);
			inputPaths = (
			);
			name = "[CP] Embed Pods Frameworks";
			outputPaths = (
			);
			runOnlyForDeploymentPostprocessing = 0;
			shellPath = /bin/sh;
			shellScript = "\"${SRCROOT}/Pods/Target Support Files/Pods-lottery/Pods-lottery-frameworks.sh\"\n";
			showEnvVarsInLog = 0;
		};
/* End PBXShellScriptBuildPhase section */

/* Begin PBXSourcesBuildPhase section */
		5E76FE571ECED9B3004FDA36 /* Sources */ = {
			isa = PBXSourcesBuildPhase;
			buildActionMask = 2147483647;
			files = (
				5E3F19891ED955D20044079A /* LOPoetryListVC.m in Sources */,
				5E0262371EE0F5A300E56C6D /* LOListDetailVC.m in Sources */,
				5E3AF8631ED2D745001000A0 /* LOHomeItemDetailVC.m in Sources */,
				5EEF44811ED57E79009EBD03 /* LOHomeDetailSelectView.m in Sources */,
				5E4AD7401ED2AD8A00AE5980 /* LOHomeMainModel.m in Sources */,
				5E3F197F1ED928830044079A /* LOPoetry.m in Sources */,
				5EEF44791ED53477009EBD03 /* LOHomeDetailBottomView.m in Sources */,
				5E76FE961ECEE3F9004FDA36 /* LOMessageVC.m in Sources */,
				5E76FEA21ECEE70B004FDA36 /* LONavigationController.m in Sources */,
				5E3F19861ED92B340044079A /* LODBManager.m in Sources */,
				5E82F0341EE53F4200677D19 /* LOweChatDetailVC.m in Sources */,
				5E286DE71ED27B8100C56219 /* ParentViewController.m in Sources */,
				5E02623A1EE0FAAA00E56C6D /* LOListDetailModel.m in Sources */,
				5EEF447C1ED53D56009EBD03 /* LOHomeDetailBottomCell.m in Sources */,
				5E76FE931ECEE3DC004FDA36 /* LODiscoverVC.m in Sources */,
				5EE5F3E11EE9236E00A36732 /* LOCheckNet.m in Sources */,
				5E76FE9C1ECEE42B004FDA36 /* LOMeViewController.m in Sources */,
				5E76FEAA1ECEEE57004FDA36 /* UIImage+LO.m in Sources */,
				5E76FEAE1ECEF73D004FDA36 /* LOTabBarButton.m in Sources */,
				5E76FE991ECEE411004FDA36 /* LOHomeVC.m in Sources */,
				5E82F02E1EE52DC700677D19 /* LOWeChatListModel.m in Sources */,
				5E3AF8661ED2E276001000A0 /* LOHomeDetailTopCell.m in Sources */,
				5E4AD7431ED2ADB900AE5980 /* LOHomeMainItemView.m in Sources */,
				5E76FE9F1ECEE546004FDA36 /* LOTabBar.m in Sources */,
				5E286DEA1ED27D1000C56219 /* UIButton+touch.m in Sources */,
				5E3F197C1ED928640044079A /* LOPoetryKind.m in Sources */,
				5E76FE601ECED9B3004FDA36 /* main.m in Sources */,
				5E02623D1EE1054900E56C6D /* LOListDetailCell.m in Sources */,
				5E76FE791ECEDD77004FDA36 /* LOAppDelegate.m in Sources */,
				5E3F198C1ED9613A0044079A /* LOPoetryDetailVC.m in Sources */,
				5E3F19911ED97C670044079A /* LOListModel.m in Sources */,
				5E82F0311EE534FC00677D19 /* LOweChatListCell.m in Sources */,
				5E76FE881ECEDF7B004FDA36 /* LOTabBarViewController.m in Sources */,
				5E3AF85D1ED2C3DE001000A0 /* AFNHttpTools.m in Sources */,
				5E3AF8601ED2CFE2001000A0 /* LOHomeItemDetailModel.m in Sources */,
			);
			runOnlyForDeploymentPostprocessing = 0;
		};
/* End PBXSourcesBuildPhase section */

/* Begin PBXVariantGroup section */
		5E76FE671ECED9B3004FDA36 /* Main.storyboard */ = {
			isa = PBXVariantGroup;
			children = (
				5E76FE681ECED9B3004FDA36 /* Base */,
			);
			name = Main.storyboard;
			sourceTree = "<group>";
		};
		5E76FE6C1ECED9B3004FDA36 /* LaunchScreen.storyboard */ = {
			isa = PBXVariantGroup;
			children = (
				5E76FE6D1ECED9B3004FDA36 /* Base */,
			);
			name = LaunchScreen.storyboard;
			sourceTree = "<group>";
		};
/* End PBXVariantGroup section */

/* Begin XCBuildConfiguration section */
		5E76FE701ECED9B3004FDA36 /* Debug */ = {
			isa = XCBuildConfiguration;
			buildSettings = {
				ALWAYS_SEARCH_USER_PATHS = NO;
				CLANG_ANALYZER_NONNULL = YES;
				CLANG_ANALYZER_NUMBER_OBJECT_CONVERSION = YES_AGGRESSIVE;
				CLANG_CXX_LANGUAGE_STANDARD = "gnu++0x";
				CLANG_CXX_LIBRARY = "libc++";
				CLANG_ENABLE_MODULES = YES;
				CLANG_ENABLE_OBJC_ARC = YES;
				CLANG_WARN_BOOL_CONVERSION = YES;
				CLANG_WARN_CONSTANT_CONVERSION = YES;
				CLANG_WARN_DIRECT_OBJC_ISA_USAGE = YES_ERROR;
				CLANG_WARN_DOCUMENTATION_COMMENTS = YES;
				CLANG_WARN_EMPTY_BODY = YES;
				CLANG_WARN_ENUM_CONVERSION = YES;
				CLANG_WARN_INFINITE_RECURSION = YES;
				CLANG_WARN_INT_CONVERSION = YES;
				CLANG_WARN_OBJC_ROOT_CLASS = YES_ERROR;
				CLANG_WARN_SUSPICIOUS_MOVE = YES;
				CLANG_WARN_UNREACHABLE_CODE = YES;
				CLANG_WARN__DUPLICATE_METHOD_MATCH = YES;
				"CODE_SIGN_IDENTITY[sdk=iphoneos*]" = "iPhone Developer";
				COPY_PHASE_STRIP = NO;
				DEBUG_INFORMATION_FORMAT = dwarf;
				ENABLE_STRICT_OBJC_MSGSEND = YES;
				ENABLE_TESTABILITY = YES;
				GCC_C_LANGUAGE_STANDARD = gnu99;
				GCC_DYNAMIC_NO_PIC = NO;
				GCC_NO_COMMON_BLOCKS = YES;
				GCC_OPTIMIZATION_LEVEL = 0;
				GCC_PREPROCESSOR_DEFINITIONS = (
					"DEBUG=1",
					"$(inherited)",
				);
				GCC_WARN_64_TO_32_BIT_CONVERSION = YES;
				GCC_WARN_ABOUT_RETURN_TYPE = YES_ERROR;
				GCC_WARN_UNDECLARED_SELECTOR = YES;
				GCC_WARN_UNINITIALIZED_AUTOS = YES_AGGRESSIVE;
				GCC_WARN_UNUSED_FUNCTION = YES;
				GCC_WARN_UNUSED_VARIABLE = YES;
				IPHONEOS_DEPLOYMENT_TARGET = 10.3;
				MTL_ENABLE_DEBUG_INFO = YES;
				ONLY_ACTIVE_ARCH = YES;
				SDKROOT = iphoneos;
			};
			name = Debug;
		};
		5E76FE711ECED9B3004FDA36 /* Release */ = {
			isa = XCBuildConfiguration;
			buildSettings = {
				ALWAYS_SEARCH_USER_PATHS = NO;
				CLANG_ANALYZER_NONNULL = YES;
				CLANG_ANALYZER_NUMBER_OBJECT_CONVERSION = YES_AGGRESSIVE;
				CLANG_CXX_LANGUAGE_STANDARD = "gnu++0x";
				CLANG_CXX_LIBRARY = "libc++";
				CLANG_ENABLE_MODULES = YES;
				CLANG_ENABLE_OBJC_ARC = YES;
				CLANG_WARN_BOOL_CONVERSION = YES;
				CLANG_WARN_CONSTANT_CONVERSION = YES;
				CLANG_WARN_DIRECT_OBJC_ISA_USAGE = YES_ERROR;
				CLANG_WARN_DOCUMENTATION_COMMENTS = YES;
				CLANG_WARN_EMPTY_BODY = YES;
				CLANG_WARN_ENUM_CONVERSION = YES;
				CLANG_WARN_INFINITE_RECURSION = YES;
				CLANG_WARN_INT_CONVERSION = YES;
				CLANG_WARN_OBJC_ROOT_CLASS = YES_ERROR;
				CLANG_WARN_SUSPICIOUS_MOVE = YES;
				CLANG_WARN_UNREACHABLE_CODE = YES;
				CLANG_WARN__DUPLICATE_METHOD_MATCH = YES;
				"CODE_SIGN_IDENTITY[sdk=iphoneos*]" = "iPhone Developer";
				COPY_PHASE_STRIP = NO;
				DEBUG_INFORMATION_FORMAT = "dwarf-with-dsym";
				ENABLE_NS_ASSERTIONS = NO;
				ENABLE_STRICT_OBJC_MSGSEND = YES;
				GCC_C_LANGUAGE_STANDARD = gnu99;
				GCC_NO_COMMON_BLOCKS = YES;
				GCC_WARN_64_TO_32_BIT_CONVERSION = YES;
				GCC_WARN_ABOUT_RETURN_TYPE = YES_ERROR;
				GCC_WARN_UNDECLARED_SELECTOR = YES;
				GCC_WARN_UNINITIALIZED_AUTOS = YES_AGGRESSIVE;
				GCC_WARN_UNUSED_FUNCTION = YES;
				GCC_WARN_UNUSED_VARIABLE = YES;
				IPHONEOS_DEPLOYMENT_TARGET = 10.3;
				MTL_ENABLE_DEBUG_INFO = NO;
				SDKROOT = iphoneos;
				VALIDATE_PRODUCT = YES;
			};
			name = Release;
		};
		5E76FE731ECED9B3004FDA36 /* Debug */ = {
			isa = XCBuildConfiguration;
			baseConfigurationReference = 9DFF2A441D63AB586DA4691A /* Pods-lottery.debug.xcconfig */;
			buildSettings = {
				ASSETCATALOG_COMPILER_APPICON_NAME = AppIcon;
				ASSETCATALOG_COMPILER_LAUNCHIMAGE_NAME = LaunchImage;
				CODE_SIGN_ENTITLEMENTS = lottery/lottery.entitlements;
				CODE_SIGN_IDENTITY = "iPhone Developer: Qingguang Pan (Y245MCE354)";
				"CODE_SIGN_IDENTITY[sdk=iphoneos*]" = "iPhone Developer";
				DEVELOPMENT_TEAM = W56C3UP3TQ;
				GCC_INCREASE_PRECOMPILED_HEADER_SHARING = NO;
				GCC_PRECOMPILE_PREFIX_HEADER = YES;
				GCC_PREFIX_HEADER = lottery/Classes/Other/LOPrefixHeader.pch;
				INFOPLIST_FILE = lottery/Info.plist;
				IPHONEOS_DEPLOYMENT_TARGET = 8.1;
				LD_RUNPATH_SEARCH_PATHS = "$(inherited) @executable_path/Frameworks";
				PRODUCT_BUNDLE_IDENTIFIER = com.lotteryTuan.cn;
				PRODUCT_NAME = "$(TARGET_NAME)";
				PROVISIONING_PROFILE = "";
				PROVISIONING_PROFILE_SPECIFIER = "";
			};
			name = Debug;
		};
		5E76FE741ECED9B3004FDA36 /* Release */ = {
			isa = XCBuildConfiguration;
			baseConfigurationReference = BD96FF958511872D7B7E0E4A /* Pods-lottery.release.xcconfig */;
			buildSettings = {
				ASSETCATALOG_COMPILER_APPICON_NAME = AppIcon;
				ASSETCATALOG_COMPILER_LAUNCHIMAGE_NAME = LaunchImage;
				CODE_SIGN_ENTITLEMENTS = lottery/lottery.entitlements;
				CODE_SIGN_IDENTITY = "iPhone Developer: Qingguang Pan (Y245MCE354)";
				"CODE_SIGN_IDENTITY[sdk=iphoneos*]" = "iPhone Developer";
				DEVELOPMENT_TEAM = W56C3UP3TQ;
				GCC_INCREASE_PRECOMPILED_HEADER_SHARING = NO;
				GCC_PRECOMPILE_PREFIX_HEADER = YES;
				GCC_PREFIX_HEADER = lottery/Classes/Other/LOPrefixHeader.pch;
				INFOPLIST_FILE = lottery/Info.plist;
				IPHONEOS_DEPLOYMENT_TARGET = 8.1;
				LD_RUNPATH_SEARCH_PATHS = "$(inherited) @executable_path/Frameworks";
				PRODUCT_BUNDLE_IDENTIFIER = com.lotteryTuan.cn;
				PRODUCT_NAME = "$(TARGET_NAME)";
				PROVISIONING_PROFILE = "";
				PROVISIONING_PROFILE_SPECIFIER = "";
			};
			name = Release;
		};
/* End XCBuildConfiguration section */

/* Begin XCConfigurationList section */
		5E76FE561ECED9B3004FDA36 /* Build configuration list for PBXProject "lottery" */ = {
			isa = XCConfigurationList;
			buildConfigurations = (
				5E76FE701ECED9B3004FDA36 /* Debug */,
				5E76FE711ECED9B3004FDA36 /* Release */,
			);
			defaultConfigurationIsVisible = 0;
			defaultConfigurationName = Release;
		};
		5E76FE721ECED9B3004FDA36 /* Build configuration list for PBXNativeTarget "lottery" */ = {
			isa = XCConfigurationList;
			buildConfigurations = (
				5E76FE731ECED9B3004FDA36 /* Debug */,
				5E76FE741ECED9B3004FDA36 /* Release */,
			);
			defaultConfigurationIsVisible = 0;
			defaultConfigurationName = Release;
		};
/* End XCConfigurationList section */
	};
	rootObject = 5E76FE531ECED9B3004FDA36 /* Project object */;
}
